// !$*UTF8*$!
{
	archiveVersion = 1;
	classes = {
	};
	objectVersion = 56;
	objects = {

/* Begin PBXBuildFile section */
		DE5AEAD4293AAD48007E62E8 /* Transaction.swift in Sources */ = {isa = PBXBuildFile; fileRef = DE5AEAD3293AAD48007E62E8 /* Transaction.swift */; };
		DE5AEAD6293AAD75007E62E8 /* Alias.swift in Sources */ = {isa = PBXBuildFile; fileRef = DE5AEAD5293AAD75007E62E8 /* Alias.swift */; };
		DE5AEAD8293AAD90007E62E8 /* TransactionDetail.swift in Sources */ = {isa = PBXBuildFile; fileRef = DE5AEAD7293AAD90007E62E8 /* TransactionDetail.swift */; };
		DE5AEADA293AADBF007E62E8 /* TransactionValue.swift in Sources */ = {isa = PBXBuildFile; fileRef = DE5AEAD9293AADBF007E62E8 /* TransactionValue.swift */; };
		DE5AEADD293AAF3D007E62E8 /* RxCocoa in Frameworks */ = {isa = PBXBuildFile; productRef = DE5AEADC293AAF3D007E62E8 /* RxCocoa */; };
		DE5AEADF293AAF3D007E62E8 /* RxRelay in Frameworks */ = {isa = PBXBuildFile; productRef = DE5AEADE293AAF3D007E62E8 /* RxRelay */; };
		DE5AEAE1293AAF3D007E62E8 /* RxSwift in Frameworks */ = {isa = PBXBuildFile; productRef = DE5AEAE0293AAF3D007E62E8 /* RxSwift */; };
		DE5AEAE3293AB05F007E62E8 /* PBTransactions.json in Resources */ = {isa = PBXBuildFile; fileRef = DE5AEAE2293AB05F007E62E8 /* PBTransactions.json */; };
		DE5AEAE8293B7F96007E62E8 /* JSONFileReaderService.swift in Sources */ = {isa = PBXBuildFile; fileRef = DE5AEAE7293B7F96007E62E8 /* JSONFileReaderService.swift */; };
		DE5AEAEA293B805F007E62E8 /* JSONFileReaderServiceError.swift in Sources */ = {isa = PBXBuildFile; fileRef = DE5AEAE9293B805F007E62E8 /* JSONFileReaderServiceError.swift */; };
		DE5AEAF0293B8750007E62E8 /* LocalTransactionsService.swift in Sources */ = {isa = PBXBuildFile; fileRef = DE5AEAEF293B8750007E62E8 /* LocalTransactionsService.swift */; };
		DE5AEAF2293B88B9007E62E8 /* TransactionsResponseModel.swift in Sources */ = {isa = PBXBuildFile; fileRef = DE5AEAF1293B88B9007E62E8 /* TransactionsResponseModel.swift */; };
		DE5AEAF5293B897B007E62E8 /* TransactionsServiceProtocol.swift in Sources */ = {isa = PBXBuildFile; fileRef = DE5AEAF4293B897B007E62E8 /* TransactionsServiceProtocol.swift */; };
		DECD92E5293A987300D0C57C /* AppDelegate.swift in Sources */ = {isa = PBXBuildFile; fileRef = DECD92E4293A987300D0C57C /* AppDelegate.swift */; };
		DECD92E7293A987300D0C57C /* SceneDelegate.swift in Sources */ = {isa = PBXBuildFile; fileRef = DECD92E6293A987300D0C57C /* SceneDelegate.swift */; };
		DECD92E9293A987300D0C57C /* ViewController.swift in Sources */ = {isa = PBXBuildFile; fileRef = DECD92E8293A987300D0C57C /* ViewController.swift */; };
		DECD92EE293A987400D0C57C /* Assets.xcassets in Resources */ = {isa = PBXBuildFile; fileRef = DECD92ED293A987400D0C57C /* Assets.xcassets */; };
		DECD92F1293A987400D0C57C /* LaunchScreen.storyboard in Resources */ = {isa = PBXBuildFile; fileRef = DECD92EF293A987400D0C57C /* LaunchScreen.storyboard */; };
/* End PBXBuildFile section */

/* Begin PBXFileReference section */
		DE5AEAD3293AAD48007E62E8 /* Transaction.swift */ = {isa = PBXFileReference; lastKnownFileType = sourcecode.swift; path = Transaction.swift; sourceTree = "<group>"; };
		DE5AEAD5293AAD75007E62E8 /* Alias.swift */ = {isa = PBXFileReference; lastKnownFileType = sourcecode.swift; path = Alias.swift; sourceTree = "<group>"; };
		DE5AEAD7293AAD90007E62E8 /* TransactionDetail.swift */ = {isa = PBXFileReference; lastKnownFileType = sourcecode.swift; path = TransactionDetail.swift; sourceTree = "<group>"; };
		DE5AEAD9293AADBF007E62E8 /* TransactionValue.swift */ = {isa = PBXFileReference; lastKnownFileType = sourcecode.swift; path = TransactionValue.swift; sourceTree = "<group>"; };
		DE5AEAE2293AB05F007E62E8 /* PBTransactions.json */ = {isa = PBXFileReference; fileEncoding = 4; lastKnownFileType = text.json; path = PBTransactions.json; sourceTree = "<group>"; };
		DE5AEAE7293B7F96007E62E8 /* JSONFileReaderService.swift */ = {isa = PBXFileReference; lastKnownFileType = sourcecode.swift; path = JSONFileReaderService.swift; sourceTree = "<group>"; };
		DE5AEAE9293B805F007E62E8 /* JSONFileReaderServiceError.swift */ = {isa = PBXFileReference; lastKnownFileType = sourcecode.swift; path = JSONFileReaderServiceError.swift; sourceTree = "<group>"; };
		DE5AEAEF293B8750007E62E8 /* LocalTransactionsService.swift */ = {isa = PBXFileReference; lastKnownFileType = sourcecode.swift; path = LocalTransactionsService.swift; sourceTree = "<group>"; };
		DE5AEAF1293B88B9007E62E8 /* TransactionsResponseModel.swift */ = {isa = PBXFileReference; lastKnownFileType = sourcecode.swift; path = TransactionsResponseModel.swift; sourceTree = "<group>"; };
		DE5AEAF4293B897B007E62E8 /* TransactionsServiceProtocol.swift */ = {isa = PBXFileReference; lastKnownFileType = sourcecode.swift; path = TransactionsServiceProtocol.swift; sourceTree = "<group>"; };
		DECD92E1293A987300D0C57C /* WorldOfPayback.app */ = {isa = PBXFileReference; explicitFileType = wrapper.application; includeInIndex = 0; path = WorldOfPayback.app; sourceTree = BUILT_PRODUCTS_DIR; };
		DECD92E4293A987300D0C57C /* AppDelegate.swift */ = {isa = PBXFileReference; lastKnownFileType = sourcecode.swift; path = AppDelegate.swift; sourceTree = "<group>"; };
		DECD92E6293A987300D0C57C /* SceneDelegate.swift */ = {isa = PBXFileReference; lastKnownFileType = sourcecode.swift; path = SceneDelegate.swift; sourceTree = "<group>"; };
		DECD92E8293A987300D0C57C /* ViewController.swift */ = {isa = PBXFileReference; lastKnownFileType = sourcecode.swift; path = ViewController.swift; sourceTree = "<group>"; };
		DECD92ED293A987400D0C57C /* Assets.xcassets */ = {isa = PBXFileReference; lastKnownFileType = folder.assetcatalog; path = Assets.xcassets; sourceTree = "<group>"; };
		DECD92F0293A987400D0C57C /* Base */ = {isa = PBXFileReference; lastKnownFileType = file.storyboard; name = Base; path = Base.lproj/LaunchScreen.storyboard; sourceTree = "<group>"; };
		DECD92F2293A987400D0C57C /* Info.plist */ = {isa = PBXFileReference; lastKnownFileType = text.plist.xml; path = Info.plist; sourceTree = "<group>"; };
/* End PBXFileReference section */

/* Begin PBXFrameworksBuildPhase section */
		DECD92DE293A987300D0C57C /* Frameworks */ = {
			isa = PBXFrameworksBuildPhase;
			buildActionMask = 2147483647;
			files = (
				DE5AEAE1293AAF3D007E62E8 /* RxSwift in Frameworks */,
				DE5AEADF293AAF3D007E62E8 /* RxRelay in Frameworks */,
				DE5AEADD293AAF3D007E62E8 /* RxCocoa in Frameworks */,
			);
			runOnlyForDeploymentPostprocessing = 0;
		};
/* End PBXFrameworksBuildPhase section */

/* Begin PBXGroup section */
		DE5AEAD2293AAD2B007E62E8 /* Model */ = {
			isa = PBXGroup;
			children = (
				DE5AEAD3293AAD48007E62E8 /* Transaction.swift */,
				DE5AEAD5293AAD75007E62E8 /* Alias.swift */,
				DE5AEAD7293AAD90007E62E8 /* TransactionDetail.swift */,
				DE5AEAD9293AADBF007E62E8 /* TransactionValue.swift */,
			);
			path = Model;
			sourceTree = "<group>";
		};
		DE5AEAE4293B7EA8007E62E8 /* Services */ = {
			isa = PBXGroup;
			children = (
				DE5AEAEE293B872F007E62E8 /* BaseServices */,
				DE5AEAF3293B8953007E62E8 /* TransactionsService */,
			);
			path = Services;
			sourceTree = "<group>";
		};
		DE5AEAED293B8651007E62E8 /* JSONFileReaderService */ = {
			isa = PBXGroup;
			children = (
				DE5AEAE7293B7F96007E62E8 /* JSONFileReaderService.swift */,
				DE5AEAE9293B805F007E62E8 /* JSONFileReaderServiceError.swift */,
			);
			path = JSONFileReaderService;
			sourceTree = "<group>";
		};
		DE5AEAEE293B872F007E62E8 /* BaseServices */ = {
			isa = PBXGroup;
			children = (
				DE5AEAED293B8651007E62E8 /* JSONFileReaderService */,
			);
			path = BaseServices;
			sourceTree = "<group>";
		};
		DE5AEAF3293B8953007E62E8 /* TransactionsService */ = {
			isa = PBXGroup;
			children = (
				DE5AEAF4293B897B007E62E8 /* TransactionsServiceProtocol.swift */,
				DE5AEAEF293B8750007E62E8 /* LocalTransactionsService.swift */,
				DE5AEAF1293B88B9007E62E8 /* TransactionsResponseModel.swift */,
			);
			path = TransactionsService;
			sourceTree = "<group>";
		};
		DECD92D8293A987300D0C57C = {
			isa = PBXGroup;
			children = (
				DECD92E3293A987300D0C57C /* WorldOfPayback */,
				DECD92E2293A987300D0C57C /* Products */,
			);
			sourceTree = "<group>";
		};
		DECD92E2293A987300D0C57C /* Products */ = {
			isa = PBXGroup;
			children = (
				DECD92E1293A987300D0C57C /* WorldOfPayback.app */,
			);
			name = Products;
			sourceTree = "<group>";
		};
		DECD92E3293A987300D0C57C /* WorldOfPayback */ = {
			isa = PBXGroup;
			children = (
				DECD92E8293A987300D0C57C /* ViewController.swift */,
				DE5AEAE4293B7EA8007E62E8 /* Services */,
				DE5AEAD2293AAD2B007E62E8 /* Model */,
				DECD92F8293A995200D0C57C /* Application */,
				DECD92F9293A997C00D0C57C /* Resources */,
			);
			path = WorldOfPayback;
			sourceTree = "<group>";
		};
		DECD92F8293A995200D0C57C /* Application */ = {
			isa = PBXGroup;
			children = (
				DECD92E4293A987300D0C57C /* AppDelegate.swift */,
				DECD92E6293A987300D0C57C /* SceneDelegate.swift */,
				DECD92F2293A987400D0C57C /* Info.plist */,
			);
			path = Application;
			sourceTree = "<group>";
		};
		DECD92F9293A997C00D0C57C /* Resources */ = {
			isa = PBXGroup;
			children = (
				DE5AEAE2293AB05F007E62E8 /* PBTransactions.json */,
				DECD92ED293A987400D0C57C /* Assets.xcassets */,
				DECD92EF293A987400D0C57C /* LaunchScreen.storyboard */,
			);
			path = Resources;
			sourceTree = "<group>";
		};
/* End PBXGroup section */

/* Begin PBXNativeTarget section */
		DECD92E0293A987300D0C57C /* WorldOfPayback */ = {
			isa = PBXNativeTarget;
			buildConfigurationList = DECD92F5293A987400D0C57C /* Build configuration list for PBXNativeTarget "WorldOfPayback" */;
			buildPhases = (
				DECD92DD293A987300D0C57C /* Sources */,
				DECD92DE293A987300D0C57C /* Frameworks */,
				DECD92DF293A987300D0C57C /* Resources */,
			);
			buildRules = (
			);
			dependencies = (
			);
			name = WorldOfPayback;
			packageProductDependencies = (
				DE5AEADC293AAF3D007E62E8 /* RxCocoa */,
				DE5AEADE293AAF3D007E62E8 /* RxRelay */,
				DE5AEAE0293AAF3D007E62E8 /* RxSwift */,
			);
			productName = WorldOfPayback;
			productReference = DECD92E1293A987300D0C57C /* WorldOfPayback.app */;
			productType = "com.apple.product-type.application";
		};
/* End PBXNativeTarget section */

/* Begin PBXProject section */
		DECD92D9293A987300D0C57C /* Project object */ = {
			isa = PBXProject;
			attributes = {
				BuildIndependentTargetsInParallel = 1;
				LastSwiftUpdateCheck = 1410;
				LastUpgradeCheck = 1410;
				TargetAttributes = {
					DECD92E0293A987300D0C57C = {
						CreatedOnToolsVersion = 14.1;
					};
				};
			};
			buildConfigurationList = DECD92DC293A987300D0C57C /* Build configuration list for PBXProject "WorldOfPayback" */;
			compatibilityVersion = "Xcode 14.0";
			developmentRegion = en;
			hasScannedForEncodings = 0;
			knownRegions = (
				en,
				Base,
			);
			mainGroup = DECD92D8293A987300D0C57C;
			packageReferences = (
				DE5AEADB293AAF3D007E62E8 /* XCRemoteSwiftPackageReference "RxSwift" */,
			);
			productRefGroup = DECD92E2293A987300D0C57C /* Products */;
			projectDirPath = "";
			projectRoot = "";
			targets = (
				DECD92E0293A987300D0C57C /* WorldOfPayback */,
			);
		};
/* End PBXProject section */

/* Begin PBXResourcesBuildPhase section */
		DECD92DF293A987300D0C57C /* Resources */ = {
			isa = PBXResourcesBuildPhase;
			buildActionMask = 2147483647;
			files = (
				DECD92F1293A987400D0C57C /* LaunchScreen.storyboard in Resources */,
				DE5AEAE3293AB05F007E62E8 /* PBTransactions.json in Resources */,
				DECD92EE293A987400D0C57C /* Assets.xcassets in Resources */,
			);
			runOnlyForDeploymentPostprocessing = 0;
		};
/* End PBXResourcesBuildPhase section */

/* Begin PBXSourcesBuildPhase section */
		DECD92DD293A987300D0C57C /* Sources */ = {
			isa = PBXSourcesBuildPhase;
			buildActionMask = 2147483647;
			files = (
				DE5AEAE8293B7F96007E62E8 /* JSONFileReaderService.swift in Sources */,
				DECD92E9293A987300D0C57C /* ViewController.swift in Sources */,
				DECD92E5293A987300D0C57C /* AppDelegate.swift in Sources */,
				DE5AEAD4293AAD48007E62E8 /* Transaction.swift in Sources */,
				DE5AEAEA293B805F007E62E8 /* JSONFileReaderServiceError.swift in Sources */,
				DE5AEADA293AADBF007E62E8 /* TransactionValue.swift in Sources */,
				DE5AEAF0293B8750007E62E8 /* LocalTransactionsService.swift in Sources */,
				DECD92E7293A987300D0C57C /* SceneDelegate.swift in Sources */,
				DE5AEAF5293B897B007E62E8 /* TransactionsServiceProtocol.swift in Sources */,
				DE5AEAD6293AAD75007E62E8 /* Alias.swift in Sources */,
				DE5AEAF2293B88B9007E62E8 /* TransactionsResponseModel.swift in Sources */,
				DE5AEAD8293AAD90007E62E8 /* TransactionDetail.swift in Sources */,
			);
			runOnlyForDeploymentPostprocessing = 0;
		};
/* End PBXSourcesBuildPhase section */

/* Begin PBXVariantGroup section */
		DECD92EF293A987400D0C57C /* LaunchScreen.storyboard */ = {
			isa = PBXVariantGroup;
			children = (
				DECD92F0293A987400D0C57C /* Base */,
			);
			name = LaunchScreen.storyboard;
			sourceTree = "<group>";
		};
/* End PBXVariantGroup section */

/* Begin XCBuildConfiguration section */
		DECD92F3293A987400D0C57C /* Debug */ = {
			isa = XCBuildConfiguration;
			buildSettings = {
				ALWAYS_SEARCH_USER_PATHS = NO;
				CLANG_ANALYZER_NONNULL = YES;
				CLANG_ANALYZER_NUMBER_OBJECT_CONVERSION = YES_AGGRESSIVE;
				CLANG_CXX_LANGUAGE_STANDARD = "gnu++20";
				CLANG_ENABLE_MODULES = YES;
				CLANG_ENABLE_OBJC_ARC = YES;
				CLANG_ENABLE_OBJC_WEAK = YES;
				CLANG_WARN_BLOCK_CAPTURE_AUTORELEASING = YES;
				CLANG_WARN_BOOL_CONVERSION = YES;
				CLANG_WARN_COMMA = YES;
				CLANG_WARN_CONSTANT_CONVERSION = YES;
				CLANG_WARN_DEPRECATED_OBJC_IMPLEMENTATIONS = YES;
				CLANG_WARN_DIRECT_OBJC_ISA_USAGE = YES_ERROR;
				CLANG_WARN_DOCUMENTATION_COMMENTS = YES;
				CLANG_WARN_EMPTY_BODY = YES;
				CLANG_WARN_ENUM_CONVERSION = YES;
				CLANG_WARN_INFINITE_RECURSION = YES;
				CLANG_WARN_INT_CONVERSION = YES;
				CLANG_WARN_NON_LITERAL_NULL_CONVERSION = YES;
				CLANG_WARN_OBJC_IMPLICIT_RETAIN_SELF = YES;
				CLANG_WARN_OBJC_LITERAL_CONVERSION = YES;
				CLANG_WARN_OBJC_ROOT_CLASS = YES_ERROR;
				CLANG_WARN_QUOTED_INCLUDE_IN_FRAMEWORK_HEADER = YES;
				CLANG_WARN_RANGE_LOOP_ANALYSIS = YES;
				CLANG_WARN_STRICT_PROTOTYPES = YES;
				CLANG_WARN_SUSPICIOUS_MOVE = YES;
				CLANG_WARN_UNGUARDED_AVAILABILITY = YES_AGGRESSIVE;
				CLANG_WARN_UNREACHABLE_CODE = YES;
				CLANG_WARN__DUPLICATE_METHOD_MATCH = YES;
				COPY_PHASE_STRIP = NO;
				DEBUG_INFORMATION_FORMAT = dwarf;
				ENABLE_STRICT_OBJC_MSGSEND = YES;
				ENABLE_TESTABILITY = YES;
				GCC_C_LANGUAGE_STANDARD = gnu11;
				GCC_DYNAMIC_NO_PIC = NO;
				GCC_NO_COMMON_BLOCKS = YES;
				GCC_OPTIMIZATION_LEVEL = 0;
				GCC_PREPROCESSOR_DEFINITIONS = (
					"DEBUG=1",
					"$(inherited)",
				);
				GCC_WARN_64_TO_32_BIT_CONVERSION = YES;
				GCC_WARN_ABOUT_RETURN_TYPE = YES_ERROR;
				GCC_WARN_UNDECLARED_SELECTOR = YES;
				GCC_WARN_UNINITIALIZED_AUTOS = YES_AGGRESSIVE;
				GCC_WARN_UNUSED_FUNCTION = YES;
				GCC_WARN_UNUSED_VARIABLE = YES;
				IPHONEOS_DEPLOYMENT_TARGET = 16.1;
				MTL_ENABLE_DEBUG_INFO = INCLUDE_SOURCE;
				MTL_FAST_MATH = YES;
				ONLY_ACTIVE_ARCH = YES;
				SDKROOT = iphoneos;
				SWIFT_ACTIVE_COMPILATION_CONDITIONS = DEBUG;
				SWIFT_OPTIMIZATION_LEVEL = "-Onone";
			};
			name = Debug;
		};
		DECD92F4293A987400D0C57C /* Release */ = {
			isa = XCBuildConfiguration;
			buildSettings = {
				ALWAYS_SEARCH_USER_PATHS = NO;
				CLANG_ANALYZER_NONNULL = YES;
				CLANG_ANALYZER_NUMBER_OBJECT_CONVERSION = YES_AGGRESSIVE;
				CLANG_CXX_LANGUAGE_STANDARD = "gnu++20";
				CLANG_ENABLE_MODULES = YES;
				CLANG_ENABLE_OBJC_ARC = YES;
				CLANG_ENABLE_OBJC_WEAK = YES;
				CLANG_WARN_BLOCK_CAPTURE_AUTORELEASING = YES;
				CLANG_WARN_BOOL_CONVERSION = YES;
				CLANG_WARN_COMMA = YES;
				CLANG_WARN_CONSTANT_CONVERSION = YES;
				CLANG_WARN_DEPRECATED_OBJC_IMPLEMENTATIONS = YES;
				CLANG_WARN_DIRECT_OBJC_ISA_USAGE = YES_ERROR;
				CLANG_WARN_DOCUMENTATION_COMMENTS = YES;
				CLANG_WARN_EMPTY_BODY = YES;
				CLANG_WARN_ENUM_CONVERSION = YES;
				CLANG_WARN_INFINITE_RECURSION = YES;
				CLANG_WARN_INT_CONVERSION = YES;
				CLANG_WARN_NON_LITERAL_NULL_CONVERSION = YES;
				CLANG_WARN_OBJC_IMPLICIT_RETAIN_SELF = YES;
				CLANG_WARN_OBJC_LITERAL_CONVERSION = YES;
				CLANG_WARN_OBJC_ROOT_CLASS = YES_ERROR;
				CLANG_WARN_QUOTED_INCLUDE_IN_FRAMEWORK_HEADER = YES;
				CLANG_WARN_RANGE_LOOP_ANALYSIS = YES;
				CLANG_WARN_STRICT_PROTOTYPES = YES;
				CLANG_WARN_SUSPICIOUS_MOVE = YES;
				CLANG_WARN_UNGUARDED_AVAILABILITY = YES_AGGRESSIVE;
				CLANG_WARN_UNREACHABLE_CODE = YES;
				CLANG_WARN__DUPLICATE_METHOD_MATCH = YES;
				COPY_PHASE_STRIP = NO;
				DEBUG_INFORMATION_FORMAT = "dwarf-with-dsym";
				ENABLE_NS_ASSERTIONS = NO;
				ENABLE_STRICT_OBJC_MSGSEND = YES;
				GCC_C_LANGUAGE_STANDARD = gnu11;
				GCC_NO_COMMON_BLOCKS = YES;
				GCC_WARN_64_TO_32_BIT_CONVERSION = YES;
				GCC_WARN_ABOUT_RETURN_TYPE = YES_ERROR;
				GCC_WARN_UNDECLARED_SELECTOR = YES;
				GCC_WARN_UNINITIALIZED_AUTOS = YES_AGGRESSIVE;
				GCC_WARN_UNUSED_FUNCTION = YES;
				GCC_WARN_UNUSED_VARIABLE = YES;
				IPHONEOS_DEPLOYMENT_TARGET = 16.1;
				MTL_ENABLE_DEBUG_INFO = NO;
				MTL_FAST_MATH = YES;
				SDKROOT = iphoneos;
				SWIFT_COMPILATION_MODE = wholemodule;
				SWIFT_OPTIMIZATION_LEVEL = "-O";
				VALIDATE_PRODUCT = YES;
			};
			name = Release;
		};
		DECD92F6293A987400D0C57C /* Debug */ = {
			isa = XCBuildConfiguration;
			buildSettings = {
				ASSETCATALOG_COMPILER_APPICON_NAME = AppIcon;
				ASSETCATALOG_COMPILER_GLOBAL_ACCENT_COLOR_NAME = AccentColor;
				CODE_SIGN_STYLE = Automatic;
				CURRENT_PROJECT_VERSION = 1;
				GENERATE_INFOPLIST_FILE = YES;
				INFOPLIST_FILE = WorldOfPayback/Application/Info.plist;
				INFOPLIST_KEY_UIApplicationSupportsIndirectInputEvents = YES;
				INFOPLIST_KEY_UILaunchStoryboardName = LaunchScreen;
				INFOPLIST_KEY_UISupportedInterfaceOrientations = UIInterfaceOrientationPortrait;
				LD_RUNPATH_SEARCH_PATHS = (
					"$(inherited)",
					"@executable_path/Frameworks",
				);
				MARKETING_VERSION = 1.0;
				PRODUCT_BUNDLE_IDENTIFIER = com.payback.WorldOfPayback;
				PRODUCT_NAME = "$(TARGET_NAME)";
				SWIFT_EMIT_LOC_STRINGS = YES;
				SWIFT_VERSION = 5.0;
				TARGETED_DEVICE_FAMILY = "1,2";
			};
			name = Debug;
		};
		DECD92F7293A987400D0C57C /* Release */ = {
			isa = XCBuildConfiguration;
			buildSettings = {
				ASSETCATALOG_COMPILER_APPICON_NAME = AppIcon;
				ASSETCATALOG_COMPILER_GLOBAL_ACCENT_COLOR_NAME = AccentColor;
				CODE_SIGN_STYLE = Automatic;
				CURRENT_PROJECT_VERSION = 1;
				GENERATE_INFOPLIST_FILE = YES;
				INFOPLIST_FILE = WorldOfPayback/Application/Info.plist;
				INFOPLIST_KEY_UIApplicationSupportsIndirectInputEvents = YES;
				INFOPLIST_KEY_UILaunchStoryboardName = LaunchScreen;
				INFOPLIST_KEY_UISupportedInterfaceOrientations = UIInterfaceOrientationPortrait;
				LD_RUNPATH_SEARCH_PATHS = (
					"$(inherited)",
					"@executable_path/Frameworks",
				);
				MARKETING_VERSION = 1.0;
				PRODUCT_BUNDLE_IDENTIFIER = com.payback.WorldOfPayback;
				PRODUCT_NAME = "$(TARGET_NAME)";
				SWIFT_EMIT_LOC_STRINGS = YES;
				SWIFT_VERSION = 5.0;
				TARGETED_DEVICE_FAMILY = "1,2";
			};
			name = Release;
		};
/* End XCBuildConfiguration section */

/* Begin XCConfigurationList section */
		DECD92DC293A987300D0C57C /* Build configuration list for PBXProject "WorldOfPayback" */ = {
			isa = XCConfigurationList;
			buildConfigurations = (
				DECD92F3293A987400D0C57C /* Debug */,
				DECD92F4293A987400D0C57C /* Release */,
			);
			defaultConfigurationIsVisible = 0;
			defaultConfigurationName = Release;
		};
		DECD92F5293A987400D0C57C /* Build configuration list for PBXNativeTarget "WorldOfPayback" */ = {
			isa = XCConfigurationList;
			buildConfigurations = (
				DECD92F6293A987400D0C57C /* Debug */,
				DECD92F7293A987400D0C57C /* Release */,
			);
			defaultConfigurationIsVisible = 0;
			defaultConfigurationName = Release;
		};
/* End XCConfigurationList section */

/* Begin XCRemoteSwiftPackageReference section */
		DE5AEADB293AAF3D007E62E8 /* XCRemoteSwiftPackageReference "RxSwift" */ = {
			isa = XCRemoteSwiftPackageReference;
			repositoryURL = "https://github.com/ReactiveX/RxSwift";
			requirement = {
				branch = main;
				kind = branch;
			};
		};
/* End XCRemoteSwiftPackageReference section */

/* Begin XCSwiftPackageProductDependency section */
		DE5AEADC293AAF3D007E62E8 /* RxCocoa */ = {
			isa = XCSwiftPackageProductDependency;
			package = DE5AEADB293AAF3D007E62E8 /* XCRemoteSwiftPackageReference "RxSwift" */;
			productName = RxCocoa;
		};
		DE5AEADE293AAF3D007E62E8 /* RxRelay */ = {
			isa = XCSwiftPackageProductDependency;
			package = DE5AEADB293AAF3D007E62E8 /* XCRemoteSwiftPackageReference "RxSwift" */;
			productName = RxRelay;
		};
		DE5AEAE0293AAF3D007E62E8 /* RxSwift */ = {
			isa = XCSwiftPackageProductDependency;
			package = DE5AEADB293AAF3D007E62E8 /* XCRemoteSwiftPackageReference "RxSwift" */;
			productName = RxSwift;
		};
/* End XCSwiftPackageProductDependency section */
	};
	rootObject = DECD92D9293A987300D0C57C /* Project object */;
}
